
Microsoft Visual Studio Solution File, Format Version 12.00
# Visual Studio 14
VisualStudioVersion = 14.0.24720.0
MinimumVisualStudioVersion = 10.0.40219.1
Project("{FAE04EC0-301F-11D3-BF4B-00C04F79EFBC}") = "InterfaceStubGenerator", "InterfaceStubGenerator\InterfaceStubGenerator.csproj", "{5694F8AD-7A15-4717-B649-1749A311300B}"
EndProject
Project("{2150E333-8FDC-42A3-9474-1A3956D46DE8}") = "Solution Items", "Solution Items", "{4F1C8991-7097-4471-A9A6-A72005AB594D}"
	ProjectSection(SolutionItems) = preProject
		Rebracer.xml = Rebracer.xml
	EndProjectSection
EndProject
Project("{8BB2217D-0F2D-49D1-97BC-3654ED321F3B}") = "Refit-CoreClr", "Refit\Refit-CoreClr.xproj", "{451FD795-CCDA-4B4D-BC57-65052E9B0FFB}"
EndProject
Global
	GlobalSection(SolutionConfigurationPlatforms) = preSolution
		Debug|Any CPU = Debug|Any CPU
		Debug|ARM = Debug|ARM
		Debug|x64 = Debug|x64
		Debug|x86 = Debug|x86
		Release|Any CPU = Release|Any CPU
		Release|ARM = Release|ARM
		Release|x64 = Release|x64
		Release|x86 = Release|x86
	EndGlobalSection
	GlobalSection(ProjectConfigurationPlatforms) = postSolution
		{5694F8AD-7A15-4717-B649-1749A311300B}.Debug|Any CPU.ActiveCfg = Debug|Any CPU
		{5694F8AD-7A15-4717-B649-1749A311300B}.Debug|Any CPU.Build.0 = Debug|Any CPU
		{5694F8AD-7A15-4717-B649-1749A311300B}.Debug|ARM.ActiveCfg = Debug|Any CPU
		{5694F8AD-7A15-4717-B649-1749A311300B}.Debug|x64.ActiveCfg = Debug|Any CPU
		{5694F8AD-7A15-4717-B649-1749A311300B}.Debug|x86.ActiveCfg = Debug|Any CPU
		{5694F8AD-7A15-4717-B649-1749A311300B}.Release|Any CPU.ActiveCfg = Release|Any CPU
		{5694F8AD-7A15-4717-B649-1749A311300B}.Release|Any CPU.Build.0 = Release|Any CPU
		{5694F8AD-7A15-4717-B649-1749A311300B}.Release|ARM.ActiveCfg = Release|Any CPU
		{5694F8AD-7A15-4717-B649-1749A311300B}.Release|x64.ActiveCfg = Release|Any CPU
		{5694F8AD-7A15-4717-B649-1749A311300B}.Release|x86.ActiveCfg = Release|Any CPU
		{451FD795-CCDA-4B4D-BC57-65052E9B0FFB}.Debug|Any CPU.ActiveCfg = Debug|Any CPU
		{451FD795-CCDA-4B4D-BC57-65052E9B0FFB}.Debug|Any CPU.Build.0 = Debug|Any CPU
		{451FD795-CCDA-4B4D-BC57-65052E9B0FFB}.Debug|ARM.ActiveCfg = Debug|Any CPU
		{451FD795-CCDA-4B4D-BC57-65052E9B0FFB}.Debug|ARM.Build.0 = Debug|Any CPU
		{451FD795-CCDA-4B4D-BC57-65052E9B0FFB}.Debug|x64.ActiveCfg = Debug|Any CPU
		{451FD795-CCDA-4B4D-BC57-65052E9B0FFB}.Debug|x64.Build.0 = Debug|Any CPU
		{451FD795-CCDA-4B4D-BC57-65052E9B0FFB}.Debug|x86.ActiveCfg = Debug|Any CPU
		{451FD795-CCDA-4B4D-BC57-65052E9B0FFB}.Debug|x86.Build.0 = Debug|Any CPU
		{451FD795-CCDA-4B4D-BC57-65052E9B0FFB}.Release|Any CPU.ActiveCfg = Release|Any CPU
		{451FD795-CCDA-4B4D-BC57-65052E9B0FFB}.Release|Any CPU.Build.0 = Release|Any CPU
		{451FD795-CCDA-4B4D-BC57-65052E9B0FFB}.Release|ARM.ActiveCfg = Release|Any CPU
		{451FD795-CCDA-4B4D-BC57-65052E9B0FFB}.Release|ARM.Build.0 = Release|Any CPU
		{451FD795-CCDA-4B4D-BC57-65052E9B0FFB}.Release|x64.ActiveCfg = Release|Any CPU
		{451FD795-CCDA-4B4D-BC57-65052E9B0FFB}.Release|x64.Build.0 = Release|Any CPU
		{451FD795-CCDA-4B4D-BC57-65052E9B0FFB}.Release|x86.ActiveCfg = Release|Any CPU
		{451FD795-CCDA-4B4D-BC57-65052E9B0FFB}.Release|x86.Build.0 = Release|Any CPU
	EndGlobalSection
	GlobalSection(SolutionProperties) = preSolution
		HideSolutionNode = FALSE
	EndGlobalSection
EndGlobal
