
Microsoft Visual Studio Solution File, Format Version 12.00
# Visual Studio 2012
Project("{FAE04EC0-301F-11D3-BF4B-00C04F79EFBC}") = "Refit-Portable", "Refit\Refit-Portable.csproj", "{E315020F-33BC-4D85-BC6E-8346F06F1112}"
EndProject
Project("{FAE04EC0-301F-11D3-BF4B-00C04F79EFBC}") = "Refit-Net45", "Refit\Refit-Net45.csproj", "{252CE1CA-19FA-4445-A3C2-E4D6C80A935A}"
EndProject
Project("{FAE04EC0-301F-11D3-BF4B-00C04F79EFBC}") = "Refit-wp8", "Refit\Refit-wp8.csproj", "{1F309EA3-155C-4B66-84DE-7771237CCF6C}"
EndProject
Project("{FAE04EC0-301F-11D3-BF4B-00C04F79EFBC}") = "Refit-sl5", "Refit\Refit-sl5.csproj", "{291D2F59-F1F9-4B4F-98EF-ADAF78EFB44A}"
EndProject
Project("{FAE04EC0-301F-11D3-BF4B-00C04F79EFBC}") = "Refit-Tests-Net45", "Refit-Tests\Refit-Tests-Net45.csproj", "{5F52E5C6-9A0B-48B3-AE05-D8CB0B9CC605}"
EndProject
Project("{FAE04EC0-301F-11D3-BF4B-00C04F79EFBC}") = "Refit-AspNet", "Refit-AspNet\Refit-AspNet.csproj", "{6D897F65-B391-4982-894D-7FC40FBB9C27}"
EndProject
Global
	GlobalSection(SolutionConfigurationPlatforms) = preSolution
		Debug|Any CPU = Debug|Any CPU
		Debug|ARM = Debug|ARM
		Debug|x86 = Debug|x86
		Release|Any CPU = Release|Any CPU
		Release|ARM = Release|ARM
		Release|x86 = Release|x86
	EndGlobalSection
	GlobalSection(ProjectConfigurationPlatforms) = postSolution
		{E315020F-33BC-4D85-BC6E-8346F06F1112}.Debug|Any CPU.ActiveCfg = Debug|Any CPU
		{E315020F-33BC-4D85-BC6E-8346F06F1112}.Debug|Any CPU.Build.0 = Debug|Any CPU
		{E315020F-33BC-4D85-BC6E-8346F06F1112}.Debug|ARM.ActiveCfg = Debug|Any CPU
		{E315020F-33BC-4D85-BC6E-8346F06F1112}.Debug|x86.ActiveCfg = Debug|Any CPU
		{E315020F-33BC-4D85-BC6E-8346F06F1112}.Release|Any CPU.ActiveCfg = Release|Any CPU
		{E315020F-33BC-4D85-BC6E-8346F06F1112}.Release|Any CPU.Build.0 = Release|Any CPU
		{E315020F-33BC-4D85-BC6E-8346F06F1112}.Release|ARM.ActiveCfg = Release|Any CPU
		{E315020F-33BC-4D85-BC6E-8346F06F1112}.Release|x86.ActiveCfg = Release|Any CPU
		{252CE1CA-19FA-4445-A3C2-E4D6C80A935A}.Debug|Any CPU.ActiveCfg = Debug|Any CPU
		{252CE1CA-19FA-4445-A3C2-E4D6C80A935A}.Debug|Any CPU.Build.0 = Debug|Any CPU
		{252CE1CA-19FA-4445-A3C2-E4D6C80A935A}.Debug|ARM.ActiveCfg = Debug|Any CPU
		{252CE1CA-19FA-4445-A3C2-E4D6C80A935A}.Debug|x86.ActiveCfg = Debug|Any CPU
		{252CE1CA-19FA-4445-A3C2-E4D6C80A935A}.Release|Any CPU.ActiveCfg = Release|Any CPU
		{252CE1CA-19FA-4445-A3C2-E4D6C80A935A}.Release|Any CPU.Build.0 = Release|Any CPU
		{252CE1CA-19FA-4445-A3C2-E4D6C80A935A}.Release|ARM.ActiveCfg = Release|Any CPU
		{252CE1CA-19FA-4445-A3C2-E4D6C80A935A}.Release|x86.ActiveCfg = Release|Any CPU
		{1F309EA3-155C-4B66-84DE-7771237CCF6C}.Debug|Any CPU.ActiveCfg = Debug|Any CPU
		{1F309EA3-155C-4B66-84DE-7771237CCF6C}.Debug|Any CPU.Build.0 = Debug|Any CPU
		{1F309EA3-155C-4B66-84DE-7771237CCF6C}.Debug|ARM.ActiveCfg = Debug|ARM
		{1F309EA3-155C-4B66-84DE-7771237CCF6C}.Debug|ARM.Build.0 = Debug|ARM
		{1F309EA3-155C-4B66-84DE-7771237CCF6C}.Debug|x86.ActiveCfg = Debug|x86
		{1F309EA3-155C-4B66-84DE-7771237CCF6C}.Debug|x86.Build.0 = Debug|x86
		{1F309EA3-155C-4B66-84DE-7771237CCF6C}.Release|Any CPU.ActiveCfg = Release|Any CPU
		{1F309EA3-155C-4B66-84DE-7771237CCF6C}.Release|Any CPU.Build.0 = Release|Any CPU
		{1F309EA3-155C-4B66-84DE-7771237CCF6C}.Release|ARM.ActiveCfg = Release|ARM
		{1F309EA3-155C-4B66-84DE-7771237CCF6C}.Release|ARM.Build.0 = Release|ARM
		{1F309EA3-155C-4B66-84DE-7771237CCF6C}.Release|x86.ActiveCfg = Release|x86
		{1F309EA3-155C-4B66-84DE-7771237CCF6C}.Release|x86.Build.0 = Release|x86
		{291D2F59-F1F9-4B4F-98EF-ADAF78EFB44A}.Debug|Any CPU.ActiveCfg = Debug|Any CPU
		{291D2F59-F1F9-4B4F-98EF-ADAF78EFB44A}.Debug|Any CPU.Build.0 = Debug|Any CPU
		{291D2F59-F1F9-4B4F-98EF-ADAF78EFB44A}.Debug|ARM.ActiveCfg = Debug|Any CPU
		{291D2F59-F1F9-4B4F-98EF-ADAF78EFB44A}.Debug|x86.ActiveCfg = Debug|Any CPU
		{291D2F59-F1F9-4B4F-98EF-ADAF78EFB44A}.Release|Any CPU.ActiveCfg = Release|Any CPU
		{291D2F59-F1F9-4B4F-98EF-ADAF78EFB44A}.Release|Any CPU.Build.0 = Release|Any CPU
		{291D2F59-F1F9-4B4F-98EF-ADAF78EFB44A}.Release|ARM.ActiveCfg = Release|Any CPU
		{291D2F59-F1F9-4B4F-98EF-ADAF78EFB44A}.Release|x86.ActiveCfg = Release|Any CPU
		{5F52E5C6-9A0B-48B3-AE05-D8CB0B9CC605}.Debug|Any CPU.ActiveCfg = Debug|Any CPU
		{5F52E5C6-9A0B-48B3-AE05-D8CB0B9CC605}.Debug|Any CPU.Build.0 = Debug|Any CPU
		{5F52E5C6-9A0B-48B3-AE05-D8CB0B9CC605}.Debug|ARM.ActiveCfg = Debug|Any CPU
		{5F52E5C6-9A0B-48B3-AE05-D8CB0B9CC605}.Debug|x86.ActiveCfg = Debug|Any CPU
		{5F52E5C6-9A0B-48B3-AE05-D8CB0B9CC605}.Release|Any CPU.ActiveCfg = Release|Any CPU
		{5F52E5C6-9A0B-48B3-AE05-D8CB0B9CC605}.Release|Any CPU.Build.0 = Release|Any CPU
		{5F52E5C6-9A0B-48B3-AE05-D8CB0B9CC605}.Release|ARM.ActiveCfg = Release|Any CPU
		{5F52E5C6-9A0B-48B3-AE05-D8CB0B9CC605}.Release|x86.ActiveCfg = Release|Any CPU
		{6D897F65-B391-4982-894D-7FC40FBB9C27}.Debug|Any CPU.ActiveCfg = Debug|Any CPU
		{6D897F65-B391-4982-894D-7FC40FBB9C27}.Debug|Any CPU.Build.0 = Debug|Any CPU
		{6D897F65-B391-4982-894D-7FC40FBB9C27}.Debug|ARM.ActiveCfg = Debug|Any CPU
		{6D897F65-B391-4982-894D-7FC40FBB9C27}.Debug|x86.ActiveCfg = Debug|Any CPU
		{6D897F65-B391-4982-894D-7FC40FBB9C27}.Release|Any CPU.ActiveCfg = Release|Any CPU
		{6D897F65-B391-4982-894D-7FC40FBB9C27}.Release|Any CPU.Build.0 = Release|Any CPU
		{6D897F65-B391-4982-894D-7FC40FBB9C27}.Release|ARM.ActiveCfg = Release|Any CPU
		{6D897F65-B391-4982-894D-7FC40FBB9C27}.Release|x86.ActiveCfg = Release|Any CPU
	EndGlobalSection
	GlobalSection(SolutionProperties) = preSolution
		HideSolutionNode = FALSE
	EndGlobalSection
EndGlobal
