
Microsoft Visual Studio Solution File, Format Version 11.00
# Visual Studio 2010
Project("{FAE04EC0-301F-11D3-BF4B-00C04F79EFBC}") = "Refit-Monoandroid", "Refit\Refit-Monoandroid.csproj", "{5F276135-A44C-44D3-9213-235F636245C8}"
EndProject
Project("{FAE04EC0-301F-11D3-BF4B-00C04F79EFBC}") = "InterfaceStubGenerator", "InterfaceStubGenerator\InterfaceStubGenerator.csproj", "{5694F8AD-7A15-4717-B649-1749A311300B}"
EndProject
Project("{FAE04EC0-301F-11D3-BF4B-00C04F79EFBC}") = "Refit-Net45", "Refit\Refit-Net45.csproj", "{252CE1CA-19FA-4445-A3C2-E4D6C80A935A}"
EndProject
Project("{FAE04EC0-301F-11D3-BF4B-00C04F79EFBC}") = "Refit-Tests-Net45", "Refit-Tests\Refit-Tests-Net45.csproj", "{5F52E5C6-9A0B-48B3-AE05-D8CB0B9CC605}"
EndProject
Project("{FAE04EC0-301F-11D3-BF4B-00C04F79EFBC}") = "Refit-Portable", "Refit\Refit-Portable.csproj", "{E315020F-33BC-4D85-BC6E-8346F06F1112}"
EndProject
Project("{FAE04EC0-301F-11D3-BF4B-00C04F79EFBC}") = "Refit-Xamarin.iOS10", "Refit\Refit-Xamarin.iOS10.csproj", "{A22C5D02-3EB9-4262-98DF-223F0E29AD8F}"
EndProject
Global
	GlobalSection(SolutionConfigurationPlatforms) = preSolution
		Debug|Any CPU = Debug|Any CPU
		Release|Any CPU = Release|Any CPU
		Debug|iPhoneSimulator = Debug|iPhoneSimulator
		Release|iPhoneSimulator = Release|iPhoneSimulator
		Debug|iPhone = Debug|iPhone
		Release|iPhone = Release|iPhone
		Ad-Hoc|iPhone = Ad-Hoc|iPhone
		AppStore|iPhone = AppStore|iPhone
	EndGlobalSection
	GlobalSection(ProjectConfigurationPlatforms) = postSolution
		{252CE1CA-19FA-4445-A3C2-E4D6C80A935A}.Debug|Any CPU.ActiveCfg = Debug|Any CPU
		{252CE1CA-19FA-4445-A3C2-E4D6C80A935A}.Debug|Any CPU.Build.0 = Debug|Any CPU
		{252CE1CA-19FA-4445-A3C2-E4D6C80A935A}.Debug|iPhone.ActiveCfg = Debug|Any CPU
		{252CE1CA-19FA-4445-A3C2-E4D6C80A935A}.Debug|iPhone.Build.0 = Debug|Any CPU
		{252CE1CA-19FA-4445-A3C2-E4D6C80A935A}.Debug|iPhoneSimulator.ActiveCfg = Debug|Any CPU
		{252CE1CA-19FA-4445-A3C2-E4D6C80A935A}.Debug|iPhoneSimulator.Build.0 = Debug|Any CPU
		{252CE1CA-19FA-4445-A3C2-E4D6C80A935A}.Release|Any CPU.ActiveCfg = Release|Any CPU
		{252CE1CA-19FA-4445-A3C2-E4D6C80A935A}.Release|Any CPU.Build.0 = Release|Any CPU
		{252CE1CA-19FA-4445-A3C2-E4D6C80A935A}.Release|iPhone.ActiveCfg = Release|Any CPU
		{252CE1CA-19FA-4445-A3C2-E4D6C80A935A}.Release|iPhone.Build.0 = Release|Any CPU
		{252CE1CA-19FA-4445-A3C2-E4D6C80A935A}.Release|iPhoneSimulator.ActiveCfg = Release|Any CPU
		{252CE1CA-19FA-4445-A3C2-E4D6C80A935A}.Release|iPhoneSimulator.Build.0 = Release|Any CPU
		{5694F8AD-7A15-4717-B649-1749A311300B}.Ad-Hoc|iPhone.ActiveCfg = Debug|Any CPU
		{5694F8AD-7A15-4717-B649-1749A311300B}.Ad-Hoc|iPhone.Build.0 = Debug|Any CPU
		{5694F8AD-7A15-4717-B649-1749A311300B}.AppStore|iPhone.ActiveCfg = Debug|Any CPU
		{5694F8AD-7A15-4717-B649-1749A311300B}.AppStore|iPhone.Build.0 = Debug|Any CPU
		{5694F8AD-7A15-4717-B649-1749A311300B}.Debug|Any CPU.ActiveCfg = Debug|Any CPU
		{5694F8AD-7A15-4717-B649-1749A311300B}.Debug|Any CPU.Build.0 = Debug|Any CPU
		{5694F8AD-7A15-4717-B649-1749A311300B}.Debug|iPhone.ActiveCfg = Debug|Any CPU
		{5694F8AD-7A15-4717-B649-1749A311300B}.Debug|iPhone.Build.0 = Debug|Any CPU
		{5694F8AD-7A15-4717-B649-1749A311300B}.Debug|iPhoneSimulator.ActiveCfg = Debug|Any CPU
		{5694F8AD-7A15-4717-B649-1749A311300B}.Debug|iPhoneSimulator.Build.0 = Debug|Any CPU
		{5694F8AD-7A15-4717-B649-1749A311300B}.Release|Any CPU.ActiveCfg = Release|Any CPU
		{5694F8AD-7A15-4717-B649-1749A311300B}.Release|Any CPU.Build.0 = Release|Any CPU
		{5694F8AD-7A15-4717-B649-1749A311300B}.Release|iPhone.ActiveCfg = Release|Any CPU
		{5694F8AD-7A15-4717-B649-1749A311300B}.Release|iPhone.Build.0 = Release|Any CPU
		{5694F8AD-7A15-4717-B649-1749A311300B}.Release|iPhoneSimulator.ActiveCfg = Release|Any CPU
		{5694F8AD-7A15-4717-B649-1749A311300B}.Release|iPhoneSimulator.Build.0 = Release|Any CPU
		{5F276135-A44C-44D3-9213-235F636245C8}.Ad-Hoc|iPhone.ActiveCfg = Debug|Any CPU
		{5F276135-A44C-44D3-9213-235F636245C8}.Ad-Hoc|iPhone.Build.0 = Debug|Any CPU
		{5F276135-A44C-44D3-9213-235F636245C8}.AppStore|iPhone.ActiveCfg = Debug|Any CPU
		{5F276135-A44C-44D3-9213-235F636245C8}.AppStore|iPhone.Build.0 = Debug|Any CPU
		{5F276135-A44C-44D3-9213-235F636245C8}.Debug|Any CPU.ActiveCfg = Debug|Any CPU
		{5F276135-A44C-44D3-9213-235F636245C8}.Debug|Any CPU.Build.0 = Debug|Any CPU
		{5F276135-A44C-44D3-9213-235F636245C8}.Debug|iPhone.ActiveCfg = Debug|Any CPU
		{5F276135-A44C-44D3-9213-235F636245C8}.Debug|iPhone.Build.0 = Debug|Any CPU
		{5F276135-A44C-44D3-9213-235F636245C8}.Debug|iPhoneSimulator.ActiveCfg = Debug|Any CPU
		{5F276135-A44C-44D3-9213-235F636245C8}.Debug|iPhoneSimulator.Build.0 = Debug|Any CPU
		{5F276135-A44C-44D3-9213-235F636245C8}.Release|Any CPU.ActiveCfg = Release|Any CPU
		{5F276135-A44C-44D3-9213-235F636245C8}.Release|Any CPU.Build.0 = Release|Any CPU
		{5F276135-A44C-44D3-9213-235F636245C8}.Release|iPhone.ActiveCfg = Release|Any CPU
		{5F276135-A44C-44D3-9213-235F636245C8}.Release|iPhone.Build.0 = Release|Any CPU
		{5F276135-A44C-44D3-9213-235F636245C8}.Release|iPhoneSimulator.ActiveCfg = Release|Any CPU
		{5F276135-A44C-44D3-9213-235F636245C8}.Release|iPhoneSimulator.Build.0 = Release|Any CPU
		{5F52E5C6-9A0B-48B3-AE05-D8CB0B9CC605}.Ad-Hoc|iPhone.ActiveCfg = Debug|Any CPU
		{5F52E5C6-9A0B-48B3-AE05-D8CB0B9CC605}.Ad-Hoc|iPhone.Build.0 = Debug|Any CPU
		{5F52E5C6-9A0B-48B3-AE05-D8CB0B9CC605}.AppStore|iPhone.ActiveCfg = Debug|Any CPU
		{5F52E5C6-9A0B-48B3-AE05-D8CB0B9CC605}.AppStore|iPhone.Build.0 = Debug|Any CPU
		{5F52E5C6-9A0B-48B3-AE05-D8CB0B9CC605}.Debug|Any CPU.ActiveCfg = Debug|Any CPU
		{5F52E5C6-9A0B-48B3-AE05-D8CB0B9CC605}.Debug|Any CPU.Build.0 = Debug|Any CPU
		{5F52E5C6-9A0B-48B3-AE05-D8CB0B9CC605}.Debug|iPhone.ActiveCfg = Debug|Any CPU
		{5F52E5C6-9A0B-48B3-AE05-D8CB0B9CC605}.Debug|iPhone.Build.0 = Debug|Any CPU
		{5F52E5C6-9A0B-48B3-AE05-D8CB0B9CC605}.Debug|iPhoneSimulator.ActiveCfg = Debug|Any CPU
		{5F52E5C6-9A0B-48B3-AE05-D8CB0B9CC605}.Debug|iPhoneSimulator.Build.0 = Debug|Any CPU
		{5F52E5C6-9A0B-48B3-AE05-D8CB0B9CC605}.Release|Any CPU.ActiveCfg = Release|Any CPU
		{5F52E5C6-9A0B-48B3-AE05-D8CB0B9CC605}.Release|Any CPU.Build.0 = Release|Any CPU
		{5F52E5C6-9A0B-48B3-AE05-D8CB0B9CC605}.Release|iPhone.ActiveCfg = Release|Any CPU
		{5F52E5C6-9A0B-48B3-AE05-D8CB0B9CC605}.Release|iPhone.Build.0 = Release|Any CPU
		{5F52E5C6-9A0B-48B3-AE05-D8CB0B9CC605}.Release|iPhoneSimulator.ActiveCfg = Release|Any CPU
		{5F52E5C6-9A0B-48B3-AE05-D8CB0B9CC605}.Release|iPhoneSimulator.Build.0 = Release|Any CPU
		{A22C5D02-3EB9-4262-98DF-223F0E29AD8F}.Ad-Hoc|iPhone.ActiveCfg = Release|Any CPU
		{A22C5D02-3EB9-4262-98DF-223F0E29AD8F}.Ad-Hoc|iPhone.Build.0 = Release|Any CPU
		{A22C5D02-3EB9-4262-98DF-223F0E29AD8F}.AppStore|iPhone.ActiveCfg = Release|Any CPU
		{A22C5D02-3EB9-4262-98DF-223F0E29AD8F}.AppStore|iPhone.Build.0 = Release|Any CPU
		{A22C5D02-3EB9-4262-98DF-223F0E29AD8F}.Debug|Any CPU.ActiveCfg = Debug|Any CPU
		{A22C5D02-3EB9-4262-98DF-223F0E29AD8F}.Debug|Any CPU.Build.0 = Debug|Any CPU
		{A22C5D02-3EB9-4262-98DF-223F0E29AD8F}.Debug|iPhone.ActiveCfg = Debug|Any CPU
		{A22C5D02-3EB9-4262-98DF-223F0E29AD8F}.Debug|iPhone.Build.0 = Debug|Any CPU
		{A22C5D02-3EB9-4262-98DF-223F0E29AD8F}.Debug|iPhoneSimulator.ActiveCfg = Debug|Any CPU
		{A22C5D02-3EB9-4262-98DF-223F0E29AD8F}.Debug|iPhoneSimulator.Build.0 = Debug|Any CPU
		{A22C5D02-3EB9-4262-98DF-223F0E29AD8F}.Release|Any CPU.ActiveCfg = Release|Any CPU
		{A22C5D02-3EB9-4262-98DF-223F0E29AD8F}.Release|Any CPU.Build.0 = Release|Any CPU
		{A22C5D02-3EB9-4262-98DF-223F0E29AD8F}.Release|iPhone.ActiveCfg = Release|Any CPU
		{A22C5D02-3EB9-4262-98DF-223F0E29AD8F}.Release|iPhone.Build.0 = Release|Any CPU
		{A22C5D02-3EB9-4262-98DF-223F0E29AD8F}.Release|iPhoneSimulator.ActiveCfg = Release|Any CPU
		{A22C5D02-3EB9-4262-98DF-223F0E29AD8F}.Release|iPhoneSimulator.Build.0 = Release|Any CPU
		{E315020F-33BC-4D85-BC6E-8346F06F1112}.Ad-Hoc|iPhone.ActiveCfg = Debug|Any CPU
		{E315020F-33BC-4D85-BC6E-8346F06F1112}.Ad-Hoc|iPhone.Build.0 = Debug|Any CPU
		{E315020F-33BC-4D85-BC6E-8346F06F1112}.AppStore|iPhone.ActiveCfg = Debug|Any CPU
		{E315020F-33BC-4D85-BC6E-8346F06F1112}.AppStore|iPhone.Build.0 = Debug|Any CPU
		{E315020F-33BC-4D85-BC6E-8346F06F1112}.Debug|Any CPU.ActiveCfg = Debug|Any CPU
		{E315020F-33BC-4D85-BC6E-8346F06F1112}.Debug|Any CPU.Build.0 = Debug|Any CPU
		{E315020F-33BC-4D85-BC6E-8346F06F1112}.Debug|iPhone.ActiveCfg = Debug|Any CPU
		{E315020F-33BC-4D85-BC6E-8346F06F1112}.Debug|iPhone.Build.0 = Debug|Any CPU
		{E315020F-33BC-4D85-BC6E-8346F06F1112}.Debug|iPhoneSimulator.ActiveCfg = Debug|Any CPU
		{E315020F-33BC-4D85-BC6E-8346F06F1112}.Debug|iPhoneSimulator.Build.0 = Debug|Any CPU
		{E315020F-33BC-4D85-BC6E-8346F06F1112}.Release|Any CPU.ActiveCfg = Release|Any CPU
		{E315020F-33BC-4D85-BC6E-8346F06F1112}.Release|Any CPU.Build.0 = Release|Any CPU
		{E315020F-33BC-4D85-BC6E-8346F06F1112}.Release|iPhone.ActiveCfg = Release|Any CPU
		{E315020F-33BC-4D85-BC6E-8346F06F1112}.Release|iPhone.Build.0 = Release|Any CPU
		{E315020F-33BC-4D85-BC6E-8346F06F1112}.Release|iPhoneSimulator.ActiveCfg = Release|Any CPU
		{E315020F-33BC-4D85-BC6E-8346F06F1112}.Release|iPhoneSimulator.Build.0 = Release|Any CPU
	EndGlobalSection
	GlobalSection(MonoDevelopProperties) = preSolution
		StartupItem = Refit\Refit-Monoandroid.csproj
		Policies = $0
		$0.TextStylePolicy = $1
		$1.FileWidth = 120
		$1.inheritsSet = VisualStudio
		$1.inheritsScope = text/plain
		$1.scope = text/plain
		$0.CSharpFormattingPolicy = $2
		$2.AutoPropertyFormatting = ForceOneLine
		$2.IndentPreprocessorDirectives = False
		$2.PropertyBraceStyle = NextLine
		$2.EventBraceStyle = NextLine
		$2.EmbeddedStatementPlacement = SameLine
		$2.ArrayInitializerBraceStyle = NextLine
		$2.BeforeMethodDeclarationParentheses = False
		$2.BeforeMethodCallParentheses = False
		$2.BeforeConstructorDeclarationParentheses = False
		$2.BeforeIndexerDeclarationBracket = False
		$2.BeforeDelegateDeclarationParentheses = False
		$2.AfterDelegateDeclarationParameterComma = True
		$2.NewParentheses = False
		$2.SpacesBeforeBrackets = False
		$2.AlignToFirstMethodDeclarationParameter = False
		$2.AlignToFirstIndexerDeclarationParameter = False
		$2.inheritsSet = Mono
		$2.inheritsScope = text/x-csharp
		$2.scope = text/x-csharp
		$0.TextStylePolicy = $3
		$3.inheritsSet = null
		$3.scope = text/x-csharp
	EndGlobalSection
EndGlobal
