
Microsoft Visual Studio Solution File, Format Version 12.00
# Visual Studio Version 16
VisualStudioVersion = 16.0.28711.60
MinimumVisualStudioVersion = 10.0.40219.1
Project("{FAE04EC0-301F-11D3-BF4B-00C04F79EFBC}") = "Meow", "Meow\Meow.csproj", "{F89AADAA-1C9E-4125-B6CF-9AD1E6CD94F1}"
EndProject
Project("{FAE04EC0-301F-11D3-BF4B-00C04F79EFBC}") = "Meow.Common", "Meow.Common\Meow.Common.csproj", "{270B1965-B666-4360-AE18-D129DFE3CB9F}"
EndProject
Global
	GlobalSection(SolutionConfigurationPlatforms) = preSolution
		Debug|Any CPU = Debug|Any CPU
		Release|Any CPU = Release|Any CPU
	EndGlobalSection
	GlobalSection(ProjectConfigurationPlatforms) = postSolution
		{F89AADAA-1C9E-4125-B6CF-9AD1E6CD94F1}.Debug|Any CPU.ActiveCfg = Debug|Any CPU
		{F89AADAA-1C9E-4125-B6CF-9AD1E6CD94F1}.Debug|Any CPU.Build.0 = Debug|Any CPU
		{F89AADAA-1C9E-4125-B6CF-9AD1E6CD94F1}.Release|Any CPU.ActiveCfg = Release|Any CPU
		{F89AADAA-1C9E-4125-B6CF-9AD1E6CD94F1}.Release|Any CPU.Build.0 = Release|Any CPU
		{270B1965-B666-4360-AE18-D129DFE3CB9F}.Debug|Any CPU.ActiveCfg = Debug|Any CPU
		{270B1965-B666-4360-AE18-D129DFE3CB9F}.Debug|Any CPU.Build.0 = Debug|Any CPU
		{270B1965-B666-4360-AE18-D129DFE3CB9F}.Release|Any CPU.ActiveCfg = Release|Any CPU
		{270B1965-B666-4360-AE18-D129DFE3CB9F}.Release|Any CPU.Build.0 = Release|Any CPU
	EndGlobalSection
	GlobalSection(SolutionProperties) = preSolution
		HideSolutionNode = FALSE
	EndGlobalSection
	GlobalSection(ExtensibilityGlobals) = postSolution
		SolutionGuid = {DCB37AC1-9A6D-4947-AA9D-61B0A757E0D6}
	EndGlobalSection
EndGlobal
