
Microsoft Visual Studio Solution File, Format Version 12.00
# Visual Studio 14
VisualStudioVersion = 14.0.25420.1
MinimumVisualStudioVersion = 10.0.40219.1
Project("{FAE04EC0-301F-11D3-BF4B-00C04F79EFBC}") = "Refit-NetStandard11", "Refit\Refit-NetStandard11.csproj", "{E315020F-33BC-4D85-BC6E-8346F06F1112}"
EndProject
Project("{FAE04EC0-301F-11D3-BF4B-00C04F79EFBC}") = "Refit-Net45", "Refit\Refit-Net45.csproj", "{252CE1CA-19FA-4445-A3C2-E4D6C80A935A}"
EndProject
Project("{FAE04EC0-301F-11D3-BF4B-00C04F79EFBC}") = "Refit-Tests-Net45", "Refit-Tests\Refit-Tests-Net45.csproj", "{5F52E5C6-9A0B-48B3-AE05-D8CB0B9CC605}"
EndProject
Project("{FAE04EC0-301F-11D3-BF4B-00C04F79EFBC}") = "InterfaceStubGenerator", "InterfaceStubGenerator\InterfaceStubGenerator.csproj", "{5694F8AD-7A15-4717-B649-1749A311300B}"
EndProject
Project("{FAE04EC0-301F-11D3-BF4B-00C04F79EFBC}") = "Refit-WPA81", "Refit\Refit-WPA81.csproj", "{200C9B4E-4881-44B2-B88D-EFE0E54193A1}"
EndProject
Project("{2150E333-8FDC-42A3-9474-1A3956D46DE8}") = "Solution Items", "Solution Items", "{4F1C8991-7097-4471-A9A6-A72005AB594D}"
	ProjectSection(SolutionItems) = preProject
		Rebracer.xml = Rebracer.xml
		Refit\refit.nuspec = Refit\refit.nuspec
		Refit\targets\refit.targets = Refit\targets\refit.targets
	EndProjectSection
EndProject
Project("{FAE04EC0-301F-11D3-BF4B-00C04F79EFBC}") = "Refit-NetStandard13", "Refit\Refit-NetStandard13.csproj", "{C86EBFD7-E5AB-450B-85A3-E600570463ED}"
EndProject
Project("{FAE04EC0-301F-11D3-BF4B-00C04F79EFBC}") = "Refit-WinRT45", "Refit\Refit-WinRT45.csproj", "{27DDD1C6-4037-419F-8682-100C71D5AD6F}"
EndProject
Project("{2150E333-8FDC-42A3-9474-1A3956D46DE8}") = "Tests", "Tests", "{0E99249A-FB80-4C60-8FD3-13820E853FF7}"
EndProject
Global
	GlobalSection(SolutionConfigurationPlatforms) = preSolution
		Debug|Any CPU = Debug|Any CPU
		Debug|ARM = Debug|ARM
		Debug|x64 = Debug|x64
		Debug|x86 = Debug|x86
		Release|Any CPU = Release|Any CPU
		Release|ARM = Release|ARM
		Release|x64 = Release|x64
		Release|x86 = Release|x86
	EndGlobalSection
	GlobalSection(ProjectConfigurationPlatforms) = postSolution
		{E315020F-33BC-4D85-BC6E-8346F06F1112}.Debug|Any CPU.ActiveCfg = Debug|Any CPU
		{E315020F-33BC-4D85-BC6E-8346F06F1112}.Debug|Any CPU.Build.0 = Debug|Any CPU
		{E315020F-33BC-4D85-BC6E-8346F06F1112}.Debug|ARM.ActiveCfg = Debug|Any CPU
		{E315020F-33BC-4D85-BC6E-8346F06F1112}.Debug|x64.ActiveCfg = Debug|Any CPU
		{E315020F-33BC-4D85-BC6E-8346F06F1112}.Debug|x86.ActiveCfg = Debug|Any CPU
		{E315020F-33BC-4D85-BC6E-8346F06F1112}.Release|Any CPU.ActiveCfg = Release|Any CPU
		{E315020F-33BC-4D85-BC6E-8346F06F1112}.Release|Any CPU.Build.0 = Release|Any CPU
		{E315020F-33BC-4D85-BC6E-8346F06F1112}.Release|ARM.ActiveCfg = Release|Any CPU
		{E315020F-33BC-4D85-BC6E-8346F06F1112}.Release|x64.ActiveCfg = Release|Any CPU
		{E315020F-33BC-4D85-BC6E-8346F06F1112}.Release|x86.ActiveCfg = Release|Any CPU
		{252CE1CA-19FA-4445-A3C2-E4D6C80A935A}.Debug|Any CPU.ActiveCfg = Debug|Any CPU
		{252CE1CA-19FA-4445-A3C2-E4D6C80A935A}.Debug|Any CPU.Build.0 = Debug|Any CPU
		{252CE1CA-19FA-4445-A3C2-E4D6C80A935A}.Debug|ARM.ActiveCfg = Debug|Any CPU
		{252CE1CA-19FA-4445-A3C2-E4D6C80A935A}.Debug|x64.ActiveCfg = Debug|Any CPU
		{252CE1CA-19FA-4445-A3C2-E4D6C80A935A}.Debug|x86.ActiveCfg = Debug|Any CPU
		{252CE1CA-19FA-4445-A3C2-E4D6C80A935A}.Release|Any CPU.ActiveCfg = Release|Any CPU
		{252CE1CA-19FA-4445-A3C2-E4D6C80A935A}.Release|Any CPU.Build.0 = Release|Any CPU
		{252CE1CA-19FA-4445-A3C2-E4D6C80A935A}.Release|ARM.ActiveCfg = Release|Any CPU
		{252CE1CA-19FA-4445-A3C2-E4D6C80A935A}.Release|x64.ActiveCfg = Release|Any CPU
		{252CE1CA-19FA-4445-A3C2-E4D6C80A935A}.Release|x86.ActiveCfg = Release|Any CPU
		{5F52E5C6-9A0B-48B3-AE05-D8CB0B9CC605}.Debug|Any CPU.ActiveCfg = Debug|Any CPU
		{5F52E5C6-9A0B-48B3-AE05-D8CB0B9CC605}.Debug|Any CPU.Build.0 = Debug|Any CPU
		{5F52E5C6-9A0B-48B3-AE05-D8CB0B9CC605}.Debug|ARM.ActiveCfg = Debug|Any CPU
		{5F52E5C6-9A0B-48B3-AE05-D8CB0B9CC605}.Debug|x64.ActiveCfg = Debug|Any CPU
		{5F52E5C6-9A0B-48B3-AE05-D8CB0B9CC605}.Debug|x86.ActiveCfg = Debug|Any CPU
		{5F52E5C6-9A0B-48B3-AE05-D8CB0B9CC605}.Release|Any CPU.ActiveCfg = Release|Any CPU
		{5F52E5C6-9A0B-48B3-AE05-D8CB0B9CC605}.Release|Any CPU.Build.0 = Release|Any CPU
		{5F52E5C6-9A0B-48B3-AE05-D8CB0B9CC605}.Release|ARM.ActiveCfg = Release|Any CPU
		{5F52E5C6-9A0B-48B3-AE05-D8CB0B9CC605}.Release|x64.ActiveCfg = Release|Any CPU
		{5F52E5C6-9A0B-48B3-AE05-D8CB0B9CC605}.Release|x86.ActiveCfg = Release|Any CPU
		{5694F8AD-7A15-4717-B649-1749A311300B}.Debug|Any CPU.ActiveCfg = Debug|Any CPU
		{5694F8AD-7A15-4717-B649-1749A311300B}.Debug|Any CPU.Build.0 = Debug|Any CPU
		{5694F8AD-7A15-4717-B649-1749A311300B}.Debug|ARM.ActiveCfg = Debug|Any CPU
		{5694F8AD-7A15-4717-B649-1749A311300B}.Debug|x64.ActiveCfg = Debug|Any CPU
		{5694F8AD-7A15-4717-B649-1749A311300B}.Debug|x86.ActiveCfg = Debug|Any CPU
		{5694F8AD-7A15-4717-B649-1749A311300B}.Release|Any CPU.ActiveCfg = Release|Any CPU
		{5694F8AD-7A15-4717-B649-1749A311300B}.Release|Any CPU.Build.0 = Release|Any CPU
		{5694F8AD-7A15-4717-B649-1749A311300B}.Release|ARM.ActiveCfg = Release|Any CPU
		{5694F8AD-7A15-4717-B649-1749A311300B}.Release|x64.ActiveCfg = Release|Any CPU
		{5694F8AD-7A15-4717-B649-1749A311300B}.Release|x86.ActiveCfg = Release|Any CPU
		{200C9B4E-4881-44B2-B88D-EFE0E54193A1}.Debug|Any CPU.ActiveCfg = Debug|Any CPU
		{200C9B4E-4881-44B2-B88D-EFE0E54193A1}.Debug|Any CPU.Build.0 = Debug|Any CPU
		{200C9B4E-4881-44B2-B88D-EFE0E54193A1}.Debug|ARM.ActiveCfg = Debug|Any CPU
		{200C9B4E-4881-44B2-B88D-EFE0E54193A1}.Debug|x64.ActiveCfg = Debug|Any CPU
		{200C9B4E-4881-44B2-B88D-EFE0E54193A1}.Debug|x86.ActiveCfg = Debug|Any CPU
		{200C9B4E-4881-44B2-B88D-EFE0E54193A1}.Release|Any CPU.ActiveCfg = Release|Any CPU
		{200C9B4E-4881-44B2-B88D-EFE0E54193A1}.Release|Any CPU.Build.0 = Release|Any CPU
		{200C9B4E-4881-44B2-B88D-EFE0E54193A1}.Release|ARM.ActiveCfg = Release|Any CPU
		{200C9B4E-4881-44B2-B88D-EFE0E54193A1}.Release|x64.ActiveCfg = Release|Any CPU
		{200C9B4E-4881-44B2-B88D-EFE0E54193A1}.Release|x86.ActiveCfg = Release|Any CPU
		{C86EBFD7-E5AB-450B-85A3-E600570463ED}.Debug|Any CPU.ActiveCfg = Debug|Any CPU
		{C86EBFD7-E5AB-450B-85A3-E600570463ED}.Debug|Any CPU.Build.0 = Debug|Any CPU
		{C86EBFD7-E5AB-450B-85A3-E600570463ED}.Debug|ARM.ActiveCfg = Debug|Any CPU
		{C86EBFD7-E5AB-450B-85A3-E600570463ED}.Debug|ARM.Build.0 = Debug|Any CPU
		{C86EBFD7-E5AB-450B-85A3-E600570463ED}.Debug|x64.ActiveCfg = Debug|Any CPU
		{C86EBFD7-E5AB-450B-85A3-E600570463ED}.Debug|x64.Build.0 = Debug|Any CPU
		{C86EBFD7-E5AB-450B-85A3-E600570463ED}.Debug|x86.ActiveCfg = Debug|Any CPU
		{C86EBFD7-E5AB-450B-85A3-E600570463ED}.Debug|x86.Build.0 = Debug|Any CPU
		{C86EBFD7-E5AB-450B-85A3-E600570463ED}.Release|Any CPU.ActiveCfg = Release|Any CPU
		{C86EBFD7-E5AB-450B-85A3-E600570463ED}.Release|Any CPU.Build.0 = Release|Any CPU
		{C86EBFD7-E5AB-450B-85A3-E600570463ED}.Release|ARM.ActiveCfg = Release|Any CPU
		{C86EBFD7-E5AB-450B-85A3-E600570463ED}.Release|ARM.Build.0 = Release|Any CPU
		{C86EBFD7-E5AB-450B-85A3-E600570463ED}.Release|x64.ActiveCfg = Release|Any CPU
		{C86EBFD7-E5AB-450B-85A3-E600570463ED}.Release|x64.Build.0 = Release|Any CPU
		{C86EBFD7-E5AB-450B-85A3-E600570463ED}.Release|x86.ActiveCfg = Release|Any CPU
		{C86EBFD7-E5AB-450B-85A3-E600570463ED}.Release|x86.Build.0 = Release|Any CPU
		{27DDD1C6-4037-419F-8682-100C71D5AD6F}.Debug|Any CPU.ActiveCfg = Debug|Any CPU
		{27DDD1C6-4037-419F-8682-100C71D5AD6F}.Debug|Any CPU.Build.0 = Debug|Any CPU
		{27DDD1C6-4037-419F-8682-100C71D5AD6F}.Debug|ARM.ActiveCfg = Debug|Any CPU
		{27DDD1C6-4037-419F-8682-100C71D5AD6F}.Debug|ARM.Build.0 = Debug|Any CPU
		{27DDD1C6-4037-419F-8682-100C71D5AD6F}.Debug|x64.ActiveCfg = Debug|Any CPU
		{27DDD1C6-4037-419F-8682-100C71D5AD6F}.Debug|x64.Build.0 = Debug|Any CPU
		{27DDD1C6-4037-419F-8682-100C71D5AD6F}.Debug|x86.ActiveCfg = Debug|Any CPU
		{27DDD1C6-4037-419F-8682-100C71D5AD6F}.Debug|x86.Build.0 = Debug|Any CPU
		{27DDD1C6-4037-419F-8682-100C71D5AD6F}.Release|Any CPU.ActiveCfg = Release|Any CPU
		{27DDD1C6-4037-419F-8682-100C71D5AD6F}.Release|Any CPU.Build.0 = Release|Any CPU
		{27DDD1C6-4037-419F-8682-100C71D5AD6F}.Release|ARM.ActiveCfg = Release|Any CPU
		{27DDD1C6-4037-419F-8682-100C71D5AD6F}.Release|ARM.Build.0 = Release|Any CPU
		{27DDD1C6-4037-419F-8682-100C71D5AD6F}.Release|x64.ActiveCfg = Release|Any CPU
		{27DDD1C6-4037-419F-8682-100C71D5AD6F}.Release|x64.Build.0 = Release|Any CPU
		{27DDD1C6-4037-419F-8682-100C71D5AD6F}.Release|x86.ActiveCfg = Release|Any CPU
		{27DDD1C6-4037-419F-8682-100C71D5AD6F}.Release|x86.Build.0 = Release|Any CPU
	EndGlobalSection
	GlobalSection(SolutionProperties) = preSolution
		HideSolutionNode = FALSE
	EndGlobalSection
	GlobalSection(NestedProjects) = preSolution
		{5F52E5C6-9A0B-48B3-AE05-D8CB0B9CC605} = {0E99249A-FB80-4C60-8FD3-13820E853FF7}
	EndGlobalSection
EndGlobal
